
Microsoft Visual Studio Solution File, Format Version 12.00
# Visual Studio Version 17
VisualStudioVersion = 17.3.32929.385
MinimumVisualStudioVersion = 10.0.40219.1
Project("{8BC9CEB8-8B4A-11D0-8D11-00A0C91BC942}") = "02day", "02day\02day.vcxproj", "{E1315902-F898-46E3-ADFD-7B49032456F0}"
EndProject
Global
	GlobalSection(SolutionConfigurationPlatforms) = preSolution
		Debug|x64 = Debug|x64
		Debug|x86 = Debug|x86
		Release|x64 = Release|x64
		Release|x86 = Release|x86
	EndGlobalSection
	GlobalSection(ProjectConfigurationPlatforms) = postSolution
		{E1315902-F898-46E3-ADFD-7B49032456F0}.Debug|x64.ActiveCfg = Debug|x64
		{E1315902-F898-46E3-ADFD-7B49032456F0}.Debug|x64.Build.0 = Debug|x64
		{E1315902-F898-46E3-ADFD-7B49032456F0}.Debug|x86.ActiveCfg = Debug|Win32
		{E1315902-F898-46E3-ADFD-7B49032456F0}.Debug|x86.Build.0 = Debug|Win32
		{E1315902-F898-46E3-ADFD-7B49032456F0}.Release|x64.ActiveCfg = Release|x64
		{E1315902-F898-46E3-ADFD-7B49032456F0}.Release|x64.Build.0 = Release|x64
		{E1315902-F898-46E3-ADFD-7B49032456F0}.Release|x86.ActiveCfg = Release|Win32
		{E1315902-F898-46E3-ADFD-7B49032456F0}.Release|x86.Build.0 = Release|Win32
	EndGlobalSection
	GlobalSection(SolutionProperties) = preSolution
		HideSolutionNode = FALSE
	EndGlobalSection
	GlobalSection(ExtensibilityGlobals) = postSolution
		SolutionGuid = {6D5C1AE2-FF24-4649-9DF7-CA2AAAADC105}
	EndGlobalSection
EndGlobal
